// !$*UTF8*$!
{
	archiveVersion = 1;
	classes = {
	};
	objectVersion = 56;
	objects = {

/* Begin PBXBuildFile section */
		C70105202A9CC0D000E1D406 /* LazyImageView.swift in Sources */ = {isa = PBXBuildFile; fileRef = C701051F2A9CC0D000E1D406 /* LazyImageView.swift */; };
		C70105232A9CC99400E1D406 /* AdvertisementsRequest.swift in Sources */ = {isa = PBXBuildFile; fileRef = C70105222A9CC99400E1D406 /* AdvertisementsRequest.swift */; };
		C70105252A9CD0C400E1D406 /* Date+initFromString.swift in Sources */ = {isa = PBXBuildFile; fileRef = C70105242A9CD0C400E1D406 /* Date+initFromString.swift */; };
		C70105272A9CD36F00E1D406 /* FontsRes.swift in Sources */ = {isa = PBXBuildFile; fileRef = C70105262A9CD36F00E1D406 /* FontsRes.swift */; };
		C70105292A9CDD2600E1D406 /* CellMessage.swift in Sources */ = {isa = PBXBuildFile; fileRef = C70105282A9CDD2600E1D406 /* CellMessage.swift */; };
		C701052C2A9D2B7300E1D406 /* CatalogDataModel.swift in Sources */ = {isa = PBXBuildFile; fileRef = C701052B2A9D2B7300E1D406 /* CatalogDataModel.swift */; };
		C701052E2A9D2C3100E1D406 /* CatalogCollectionView.swift in Sources */ = {isa = PBXBuildFile; fileRef = C701052D2A9D2C3100E1D406 /* CatalogCollectionView.swift */; };
		C70105302A9D2C9F00E1D406 /* CatalogCellView.swift in Sources */ = {isa = PBXBuildFile; fileRef = C701052F2A9D2C9F00E1D406 /* CatalogCellView.swift */; };
		C70105342A9D42EA00E1D406 /* AdvertisementsResponse.swift in Sources */ = {isa = PBXBuildFile; fileRef = C70105332A9D42EA00E1D406 /* AdvertisementsResponse.swift */; };
		C7051AD42A9E05EB004719A3 /* CatalogCellPlaceholder.swift in Sources */ = {isa = PBXBuildFile; fileRef = C7051AD32A9E05EB004719A3 /* CatalogCellPlaceholder.swift */; };
		C7051ADF2A9E2DFB004719A3 /* MessageView.swift in Sources */ = {isa = PBXBuildFile; fileRef = C7051ADE2A9E2DFB004719A3 /* MessageView.swift */; };
		C7051AE52A9E3611004719A3 /* MessageServiceProtocol.swift in Sources */ = {isa = PBXBuildFile; fileRef = C7051AE42A9E3611004719A3 /* MessageServiceProtocol.swift */; };
		C7051AE72A9E3A78004719A3 /* MessageModel.swift in Sources */ = {isa = PBXBuildFile; fileRef = C7051AE62A9E3A78004719A3 /* MessageModel.swift */; };
		C7051AEA2A9E3C55004719A3 /* MessageViewProtocol.swift in Sources */ = {isa = PBXBuildFile; fileRef = C7051AE92A9E3C55004719A3 /* MessageViewProtocol.swift */; };
		C7051AED2A9E3FE5004719A3 /* MessageService.swift in Sources */ = {isa = PBXBuildFile; fileRef = C7051AEC2A9E3FE5004719A3 /* MessageService.swift */; };
		C7051AEF2A9E4428004719A3 /* ShimmerDisplayable.swift in Sources */ = {isa = PBXBuildFile; fileRef = C7051AEE2A9E4428004719A3 /* ShimmerDisplayable.swift */; };
		C7051AF22A9E490E004719A3 /* ShimmerView.swift in Sources */ = {isa = PBXBuildFile; fileRef = C7051AF12A9E490E004719A3 /* ShimmerView.swift */; };
		C71A13A92A9CB9C400D80996 /* UIView+addViews.swift in Sources */ = {isa = PBXBuildFile; fileRef = C71A13A82A9CB9C400D80996 /* UIView+addViews.swift */; };
		C71A9AD92A98D7DF00467E80 /* HomeScreenProtocols.swift in Sources */ = {isa = PBXBuildFile; fileRef = C71A9AD82A98D7DF00467E80 /* HomeScreenProtocols.swift */; };
		C71A9ADB2A98D8D900467E80 /* HomeViewController.swift in Sources */ = {isa = PBXBuildFile; fileRef = C71A9ADA2A98D8D900467E80 /* HomeViewController.swift */; };
		C71A9ADD2A98D96C00467E80 /* HomePresenter.swift in Sources */ = {isa = PBXBuildFile; fileRef = C71A9ADC2A98D96C00467E80 /* HomePresenter.swift */; };
		C71A9ADF2A98D9AA00467E80 /* HomeInteractor.swift in Sources */ = {isa = PBXBuildFile; fileRef = C71A9ADE2A98D9AA00467E80 /* HomeInteractor.swift */; };
		C71A9AE12A98D9DB00467E80 /* HomeRouter.swift in Sources */ = {isa = PBXBuildFile; fileRef = C71A9AE02A98D9DB00467E80 /* HomeRouter.swift */; };
		C71A9AE32A98DA0200467E80 /* HomeModuleBuilder.swift in Sources */ = {isa = PBXBuildFile; fileRef = C71A9AE22A98DA0200467E80 /* HomeModuleBuilder.swift */; };
		C71A9AE72A98E28500467E80 /* NetworkClient.swift in Sources */ = {isa = PBXBuildFile; fileRef = C71A9AE62A98E28500467E80 /* NetworkClient.swift */; };
		C71BD89B2A9E636A00B1971A /* ProductScreenProtocols.swift in Sources */ = {isa = PBXBuildFile; fileRef = C71BD89A2A9E636A00B1971A /* ProductScreenProtocols.swift */; };
		C71BD89D2A9E63C500B1971A /* ProductViewController.swift in Sources */ = {isa = PBXBuildFile; fileRef = C71BD89C2A9E63C500B1971A /* ProductViewController.swift */; };
		C71BD89F2A9E644C00B1971A /* ProductPresenter.swift in Sources */ = {isa = PBXBuildFile; fileRef = C71BD89E2A9E644C00B1971A /* ProductPresenter.swift */; };
		C71BD8A12A9E64A100B1971A /* ProductInteractor.swift in Sources */ = {isa = PBXBuildFile; fileRef = C71BD8A02A9E64A100B1971A /* ProductInteractor.swift */; };
		C71BD8A32A9E64DA00B1971A /* ProductRouter.swift in Sources */ = {isa = PBXBuildFile; fileRef = C71BD8A22A9E64DA00B1971A /* ProductRouter.swift */; };
		C71BD8A52A9E650300B1971A /* ProductModuleBuilder.swift in Sources */ = {isa = PBXBuildFile; fileRef = C71BD8A42A9E650300B1971A /* ProductModuleBuilder.swift */; };
		C71BD8A82A9E6AE300B1971A /* ProductData.swift in Sources */ = {isa = PBXBuildFile; fileRef = C71BD8A72A9E6AE300B1971A /* ProductData.swift */; };
		C71BD8AB2A9E6B1A00B1971A /* ProductDetailsResponse.swift in Sources */ = {isa = PBXBuildFile; fileRef = C71BD8AA2A9E6B1A00B1971A /* ProductDetailsResponse.swift */; };
		C71BD8AD2A9E6B3F00B1971A /* ProductDetailsRequest.swift in Sources */ = {isa = PBXBuildFile; fileRef = C71BD8AC2A9E6B3F00B1971A /* ProductDetailsRequest.swift */; };
		C71BD8B02A9E82B300B1971A /* ContactViewController.swift in Sources */ = {isa = PBXBuildFile; fileRef = C71BD8AF2A9E82B300B1971A /* ContactViewController.swift */; };
		C71BD8B22A9E8F2800B1971A /* ProductPlaceholderView.swift in Sources */ = {isa = PBXBuildFile; fileRef = C71BD8B12A9E8F2800B1971A /* ProductPlaceholderView.swift */; };
		C7228D292A98D38600D19B07 /* AppDelegate.swift in Sources */ = {isa = PBXBuildFile; fileRef = C7228D282A98D38600D19B07 /* AppDelegate.swift */; };
		C7228D2B2A98D38600D19B07 /* SceneDelegate.swift in Sources */ = {isa = PBXBuildFile; fileRef = C7228D2A2A98D38600D19B07 /* SceneDelegate.swift */; };
		C7228D322A98D38700D19B07 /* Assets.xcassets in Resources */ = {isa = PBXBuildFile; fileRef = C7228D312A98D38700D19B07 /* Assets.xcassets */; };
		C7228D352A98D38700D19B07 /* LaunchScreen.storyboard in Resources */ = {isa = PBXBuildFile; fileRef = C7228D332A98D38700D19B07 /* LaunchScreen.storyboard */; };
		C734E49E2A9922890021328C /* HTTPMethod.swift in Sources */ = {isa = PBXBuildFile; fileRef = C734E49D2A9922880021328C /* HTTPMethod.swift */; };
		C734E4A02A99232A0021328C /* NetworkError.swift in Sources */ = {isa = PBXBuildFile; fileRef = C734E49F2A99232A0021328C /* NetworkError.swift */; };
		C734E4A22A9932A10021328C /* NetworkRequestProtocol.swift in Sources */ = {isa = PBXBuildFile; fileRef = C734E4A12A9932A10021328C /* NetworkRequestProtocol.swift */; };
		C734E4A42A993E4B0021328C /* RequestBuilder.swift in Sources */ = {isa = PBXBuildFile; fileRef = C734E4A32A993E4B0021328C /* RequestBuilder.swift */; };
		C734E4A62A9940ED0021328C /* ConverterFromJSON.swift in Sources */ = {isa = PBXBuildFile; fileRef = C734E4A52A9940ED0021328C /* ConverterFromJSON.swift */; };
		C734E4A82A9959030021328C /* NetworkClientProtocol.swift in Sources */ = {isa = PBXBuildFile; fileRef = C734E4A72A9959030021328C /* NetworkClientProtocol.swift */; };
		C734E4AA2A9959180021328C /* RequestBuilderProtocol.swift in Sources */ = {isa = PBXBuildFile; fileRef = C734E4A92A9959180021328C /* RequestBuilderProtocol.swift */; };
		C734E4AC2A9959450021328C /* NetworkDecoderProtocol.swift in Sources */ = {isa = PBXBuildFile; fileRef = C734E4AB2A9959450021328C /* NetworkDecoderProtocol.swift */; };
		C76BF5412A9A19EA004CF08B /* NetworkDecoderWrapper.swift in Sources */ = {isa = PBXBuildFile; fileRef = C76BF5402A9A19EA004CF08B /* NetworkDecoderWrapper.swift */; };
		C76BF5442A9A1C0C004CF08B /* ConverterProtocol.swift in Sources */ = {isa = PBXBuildFile; fileRef = C76BF5432A9A1C0C004CF08B /* ConverterProtocol.swift */; };
		C7B2000C2A9B76E100EE11A0 /* CatalogEndpoints.swift in Sources */ = {isa = PBXBuildFile; fileRef = C7B2000B2A9B76E100EE11A0 /* CatalogEndpoints.swift */; };
		C7B2000E2A9B80ED00EE11A0 /* EndpointComponentProtocol.swift in Sources */ = {isa = PBXBuildFile; fileRef = C7B2000D2A9B80ED00EE11A0 /* EndpointComponentProtocol.swift */; };
/* End PBXBuildFile section */

/* Begin PBXFileReference section */
		C701051F2A9CC0D000E1D406 /* LazyImageView.swift */ = {isa = PBXFileReference; lastKnownFileType = sourcecode.swift; path = LazyImageView.swift; sourceTree = "<group>"; };
		C70105222A9CC99400E1D406 /* AdvertisementsRequest.swift */ = {isa = PBXFileReference; lastKnownFileType = sourcecode.swift; path = AdvertisementsRequest.swift; sourceTree = "<group>"; };
		C70105242A9CD0C400E1D406 /* Date+initFromString.swift */ = {isa = PBXFileReference; lastKnownFileType = sourcecode.swift; path = "Date+initFromString.swift"; sourceTree = "<group>"; };
		C70105262A9CD36F00E1D406 /* FontsRes.swift */ = {isa = PBXFileReference; lastKnownFileType = sourcecode.swift; path = FontsRes.swift; sourceTree = "<group>"; };
		C70105282A9CDD2600E1D406 /* CellMessage.swift */ = {isa = PBXFileReference; lastKnownFileType = sourcecode.swift; path = CellMessage.swift; sourceTree = "<group>"; };
		C701052B2A9D2B7300E1D406 /* CatalogDataModel.swift */ = {isa = PBXFileReference; lastKnownFileType = sourcecode.swift; path = CatalogDataModel.swift; sourceTree = "<group>"; };
		C701052D2A9D2C3100E1D406 /* CatalogCollectionView.swift */ = {isa = PBXFileReference; lastKnownFileType = sourcecode.swift; path = CatalogCollectionView.swift; sourceTree = "<group>"; };
		C701052F2A9D2C9F00E1D406 /* CatalogCellView.swift */ = {isa = PBXFileReference; lastKnownFileType = sourcecode.swift; path = CatalogCellView.swift; sourceTree = "<group>"; };
		C70105332A9D42EA00E1D406 /* AdvertisementsResponse.swift */ = {isa = PBXFileReference; lastKnownFileType = sourcecode.swift; path = AdvertisementsResponse.swift; sourceTree = "<group>"; };
		C7051AD32A9E05EB004719A3 /* CatalogCellPlaceholder.swift */ = {isa = PBXFileReference; lastKnownFileType = sourcecode.swift; path = CatalogCellPlaceholder.swift; sourceTree = "<group>"; };
		C7051ADE2A9E2DFB004719A3 /* MessageView.swift */ = {isa = PBXFileReference; lastKnownFileType = sourcecode.swift; path = MessageView.swift; sourceTree = "<group>"; };
		C7051AE42A9E3611004719A3 /* MessageServiceProtocol.swift */ = {isa = PBXFileReference; lastKnownFileType = sourcecode.swift; path = MessageServiceProtocol.swift; sourceTree = "<group>"; };
		C7051AE62A9E3A78004719A3 /* MessageModel.swift */ = {isa = PBXFileReference; lastKnownFileType = sourcecode.swift; path = MessageModel.swift; sourceTree = "<group>"; };
		C7051AE92A9E3C55004719A3 /* MessageViewProtocol.swift */ = {isa = PBXFileReference; lastKnownFileType = sourcecode.swift; path = MessageViewProtocol.swift; sourceTree = "<group>"; };
		C7051AEC2A9E3FE5004719A3 /* MessageService.swift */ = {isa = PBXFileReference; lastKnownFileType = sourcecode.swift; path = MessageService.swift; sourceTree = "<group>"; };
		C7051AEE2A9E4428004719A3 /* ShimmerDisplayable.swift */ = {isa = PBXFileReference; lastKnownFileType = sourcecode.swift; path = ShimmerDisplayable.swift; sourceTree = "<group>"; };
		C7051AF12A9E490E004719A3 /* ShimmerView.swift */ = {isa = PBXFileReference; lastKnownFileType = sourcecode.swift; path = ShimmerView.swift; sourceTree = "<group>"; };
		C71A13A82A9CB9C400D80996 /* UIView+addViews.swift */ = {isa = PBXFileReference; lastKnownFileType = sourcecode.swift; path = "UIView+addViews.swift"; sourceTree = "<group>"; };
		C71A9AD82A98D7DF00467E80 /* HomeScreenProtocols.swift */ = {isa = PBXFileReference; lastKnownFileType = sourcecode.swift; path = HomeScreenProtocols.swift; sourceTree = "<group>"; };
		C71A9ADA2A98D8D900467E80 /* HomeViewController.swift */ = {isa = PBXFileReference; lastKnownFileType = sourcecode.swift; path = HomeViewController.swift; sourceTree = "<group>"; };
		C71A9ADC2A98D96C00467E80 /* HomePresenter.swift */ = {isa = PBXFileReference; lastKnownFileType = sourcecode.swift; path = HomePresenter.swift; sourceTree = "<group>"; };
		C71A9ADE2A98D9AA00467E80 /* HomeInteractor.swift */ = {isa = PBXFileReference; lastKnownFileType = sourcecode.swift; path = HomeInteractor.swift; sourceTree = "<group>"; };
		C71A9AE02A98D9DB00467E80 /* HomeRouter.swift */ = {isa = PBXFileReference; lastKnownFileType = sourcecode.swift; path = HomeRouter.swift; sourceTree = "<group>"; };
		C71A9AE22A98DA0200467E80 /* HomeModuleBuilder.swift */ = {isa = PBXFileReference; lastKnownFileType = sourcecode.swift; path = HomeModuleBuilder.swift; sourceTree = "<group>"; };
		C71A9AE62A98E28500467E80 /* NetworkClient.swift */ = {isa = PBXFileReference; lastKnownFileType = sourcecode.swift; path = NetworkClient.swift; sourceTree = "<group>"; };
		C71BD89A2A9E636A00B1971A /* ProductScreenProtocols.swift */ = {isa = PBXFileReference; lastKnownFileType = sourcecode.swift; path = ProductScreenProtocols.swift; sourceTree = "<group>"; };
		C71BD89C2A9E63C500B1971A /* ProductViewController.swift */ = {isa = PBXFileReference; lastKnownFileType = sourcecode.swift; path = ProductViewController.swift; sourceTree = "<group>"; };
		C71BD89E2A9E644C00B1971A /* ProductPresenter.swift */ = {isa = PBXFileReference; lastKnownFileType = sourcecode.swift; path = ProductPresenter.swift; sourceTree = "<group>"; };
		C71BD8A02A9E64A100B1971A /* ProductInteractor.swift */ = {isa = PBXFileReference; lastKnownFileType = sourcecode.swift; path = ProductInteractor.swift; sourceTree = "<group>"; };
		C71BD8A22A9E64DA00B1971A /* ProductRouter.swift */ = {isa = PBXFileReference; lastKnownFileType = sourcecode.swift; path = ProductRouter.swift; sourceTree = "<group>"; };
		C71BD8A42A9E650300B1971A /* ProductModuleBuilder.swift */ = {isa = PBXFileReference; lastKnownFileType = sourcecode.swift; path = ProductModuleBuilder.swift; sourceTree = "<group>"; };
		C71BD8A72A9E6AE300B1971A /* ProductData.swift */ = {isa = PBXFileReference; lastKnownFileType = sourcecode.swift; path = ProductData.swift; sourceTree = "<group>"; };
		C71BD8AA2A9E6B1A00B1971A /* ProductDetailsResponse.swift */ = {isa = PBXFileReference; lastKnownFileType = sourcecode.swift; path = ProductDetailsResponse.swift; sourceTree = "<group>"; };
		C71BD8AC2A9E6B3F00B1971A /* ProductDetailsRequest.swift */ = {isa = PBXFileReference; lastKnownFileType = sourcecode.swift; path = ProductDetailsRequest.swift; sourceTree = "<group>"; };
		C71BD8AF2A9E82B300B1971A /* ContactViewController.swift */ = {isa = PBXFileReference; lastKnownFileType = sourcecode.swift; path = ContactViewController.swift; sourceTree = "<group>"; };
		C71BD8B12A9E8F2800B1971A /* ProductPlaceholderView.swift */ = {isa = PBXFileReference; lastKnownFileType = sourcecode.swift; path = ProductPlaceholderView.swift; sourceTree = "<group>"; };
		C7228D252A98D38600D19B07 /* CatalogApp.app */ = {isa = PBXFileReference; explicitFileType = wrapper.application; includeInIndex = 0; path = CatalogApp.app; sourceTree = BUILT_PRODUCTS_DIR; };
		C7228D282A98D38600D19B07 /* AppDelegate.swift */ = {isa = PBXFileReference; lastKnownFileType = sourcecode.swift; path = AppDelegate.swift; sourceTree = "<group>"; };
		C7228D2A2A98D38600D19B07 /* SceneDelegate.swift */ = {isa = PBXFileReference; lastKnownFileType = sourcecode.swift; path = SceneDelegate.swift; sourceTree = "<group>"; };
		C7228D312A98D38700D19B07 /* Assets.xcassets */ = {isa = PBXFileReference; lastKnownFileType = folder.assetcatalog; path = Assets.xcassets; sourceTree = "<group>"; };
		C7228D342A98D38700D19B07 /* Base */ = {isa = PBXFileReference; lastKnownFileType = file.storyboard; name = Base; path = Base.lproj/LaunchScreen.storyboard; sourceTree = "<group>"; };
		C7228D362A98D38700D19B07 /* Info.plist */ = {isa = PBXFileReference; lastKnownFileType = text.plist.xml; path = Info.plist; sourceTree = "<group>"; };
		C734E49D2A9922880021328C /* HTTPMethod.swift */ = {isa = PBXFileReference; lastKnownFileType = sourcecode.swift; path = HTTPMethod.swift; sourceTree = "<group>"; };
		C734E49F2A99232A0021328C /* NetworkError.swift */ = {isa = PBXFileReference; lastKnownFileType = sourcecode.swift; path = NetworkError.swift; sourceTree = "<group>"; };
		C734E4A12A9932A10021328C /* NetworkRequestProtocol.swift */ = {isa = PBXFileReference; lastKnownFileType = sourcecode.swift; path = NetworkRequestProtocol.swift; sourceTree = "<group>"; };
		C734E4A32A993E4B0021328C /* RequestBuilder.swift */ = {isa = PBXFileReference; lastKnownFileType = sourcecode.swift; path = RequestBuilder.swift; sourceTree = "<group>"; };
		C734E4A52A9940ED0021328C /* ConverterFromJSON.swift */ = {isa = PBXFileReference; lastKnownFileType = sourcecode.swift; path = ConverterFromJSON.swift; sourceTree = "<group>"; };
		C734E4A72A9959030021328C /* NetworkClientProtocol.swift */ = {isa = PBXFileReference; lastKnownFileType = sourcecode.swift; path = NetworkClientProtocol.swift; sourceTree = "<group>"; };
		C734E4A92A9959180021328C /* RequestBuilderProtocol.swift */ = {isa = PBXFileReference; lastKnownFileType = sourcecode.swift; path = RequestBuilderProtocol.swift; sourceTree = "<group>"; };
		C734E4AB2A9959450021328C /* NetworkDecoderProtocol.swift */ = {isa = PBXFileReference; lastKnownFileType = sourcecode.swift; path = NetworkDecoderProtocol.swift; sourceTree = "<group>"; };
		C76BF5402A9A19EA004CF08B /* NetworkDecoderWrapper.swift */ = {isa = PBXFileReference; lastKnownFileType = sourcecode.swift; path = NetworkDecoderWrapper.swift; sourceTree = "<group>"; };
		C76BF5432A9A1C0C004CF08B /* ConverterProtocol.swift */ = {isa = PBXFileReference; lastKnownFileType = sourcecode.swift; path = ConverterProtocol.swift; sourceTree = "<group>"; };
		C7B2000B2A9B76E100EE11A0 /* CatalogEndpoints.swift */ = {isa = PBXFileReference; lastKnownFileType = sourcecode.swift; path = CatalogEndpoints.swift; sourceTree = "<group>"; };
		C7B2000D2A9B80ED00EE11A0 /* EndpointComponentProtocol.swift */ = {isa = PBXFileReference; lastKnownFileType = sourcecode.swift; path = EndpointComponentProtocol.swift; sourceTree = "<group>"; };
/* End PBXFileReference section */

/* Begin PBXFrameworksBuildPhase section */
		C7228D222A98D38600D19B07 /* Frameworks */ = {
			isa = PBXFrameworksBuildPhase;
			buildActionMask = 2147483647;
			files = (
			);
			runOnlyForDeploymentPostprocessing = 0;
		};
/* End PBXFrameworksBuildPhase section */

/* Begin PBXGroup section */
		C70105212A9CC96F00E1D406 /* HomeRequests */ = {
			isa = PBXGroup;
			children = (
				C70105222A9CC99400E1D406 /* AdvertisementsRequest.swift */,
				C70105332A9D42EA00E1D406 /* AdvertisementsResponse.swift */,
			);
			path = HomeRequests;
			sourceTree = "<group>";
		};
		C701052A2A9D2B3400E1D406 /* CatalogCollectionView */ = {
			isa = PBXGroup;
			children = (
				C701052B2A9D2B7300E1D406 /* CatalogDataModel.swift */,
				C701052D2A9D2C3100E1D406 /* CatalogCollectionView.swift */,
				C701052F2A9D2C9F00E1D406 /* CatalogCellView.swift */,
				C7051AD32A9E05EB004719A3 /* CatalogCellPlaceholder.swift */,
				C70105282A9CDD2600E1D406 /* CellMessage.swift */,
			);
			path = CatalogCollectionView;
			sourceTree = "<group>";
		};
		C7051AD52A9E2097004719A3 /* MessageService */ = {
			isa = PBXGroup;
			children = (
				C7051AEB2A9E3FD7004719A3 /* Implementation */,
				C7051AE42A9E3611004719A3 /* MessageServiceProtocol.swift */,
				C7051AE62A9E3A78004719A3 /* MessageModel.swift */,
				C7051AE92A9E3C55004719A3 /* MessageViewProtocol.swift */,
			);
			path = MessageService;
			sourceTree = "<group>";
		};
		C7051AEB2A9E3FD7004719A3 /* Implementation */ = {
			isa = PBXGroup;
			children = (
				C7051ADE2A9E2DFB004719A3 /* MessageView.swift */,
				C7051AEC2A9E3FE5004719A3 /* MessageService.swift */,
			);
			path = Implementation;
			sourceTree = "<group>";
		};
		C7051AF02A9E4900004719A3 /* Shimmer */ = {
			isa = PBXGroup;
			children = (
				C7051AEE2A9E4428004719A3 /* ShimmerDisplayable.swift */,
				C7051AF12A9E490E004719A3 /* ShimmerView.swift */,
			);
			path = Shimmer;
			sourceTree = "<group>";
		};
		C71A139A2A9CA93200D80996 /* ViewComponents */ = {
			isa = PBXGroup;
			children = (
				C7051AF02A9E4900004719A3 /* Shimmer */,
				C701052A2A9D2B3400E1D406 /* CatalogCollectionView */,
				C701051F2A9CC0D000E1D406 /* LazyImageView.swift */,
			);
			path = ViewComponents;
			sourceTree = "<group>";
		};
		C71A9AD62A98D70C00467E80 /* Modules */ = {
			isa = PBXGroup;
			children = (
				C71BD8992A9E633A00B1971A /* ProductScreen */,
				C71A9AD72A98D76F00467E80 /* HomeScreen */,
			);
			path = Modules;
			sourceTree = "<group>";
		};
		C71A9AD72A98D76F00467E80 /* HomeScreen */ = {
			isa = PBXGroup;
			children = (
				C70105212A9CC96F00E1D406 /* HomeRequests */,
				C71A9AD82A98D7DF00467E80 /* HomeScreenProtocols.swift */,
				C71A9ADA2A98D8D900467E80 /* HomeViewController.swift */,
				C71A9ADC2A98D96C00467E80 /* HomePresenter.swift */,
				C71A9ADE2A98D9AA00467E80 /* HomeInteractor.swift */,
				C71A9AE02A98D9DB00467E80 /* HomeRouter.swift */,
				C71A9AE22A98DA0200467E80 /* HomeModuleBuilder.swift */,
			);
			path = HomeScreen;
			sourceTree = "<group>";
		};
		C71A9AE42A98E23C00467E80 /* Library */ = {
			isa = PBXGroup;
			children = (
				C7B200112A9BAD8100EE11A0 /* Extentions */,
				C71A9AE52A98E24300467E80 /* Services */,
			);
			path = Library;
			sourceTree = "<group>";
		};
		C71A9AE52A98E24300467E80 /* Services */ = {
			isa = PBXGroup;
			children = (
				C734E49B2A9921F70021328C /* Networking */,
				C7051AD52A9E2097004719A3 /* MessageService */,
			);
			path = Services;
			sourceTree = "<group>";
		};
		C71BD8992A9E633A00B1971A /* ProductScreen */ = {
			isa = PBXGroup;
			children = (
				C71BD8AE2A9E82A200B1971A /* ProductViews */,
				C71BD8A92A9E6AF000B1971A /* ProductRequests */,
				C71BD8A62A9E6AD400B1971A /* ProductModel */,
				C71BD89A2A9E636A00B1971A /* ProductScreenProtocols.swift */,
				C71BD89C2A9E63C500B1971A /* ProductViewController.swift */,
				C71BD89E2A9E644C00B1971A /* ProductPresenter.swift */,
				C71BD8A02A9E64A100B1971A /* ProductInteractor.swift */,
				C71BD8A22A9E64DA00B1971A /* ProductRouter.swift */,
				C71BD8A42A9E650300B1971A /* ProductModuleBuilder.swift */,
			);
			path = ProductScreen;
			sourceTree = "<group>";
		};
		C71BD8A62A9E6AD400B1971A /* ProductModel */ = {
			isa = PBXGroup;
			children = (
				C71BD8A72A9E6AE300B1971A /* ProductData.swift */,
			);
			path = ProductModel;
			sourceTree = "<group>";
		};
		C71BD8A92A9E6AF000B1971A /* ProductRequests */ = {
			isa = PBXGroup;
			children = (
				C71BD8AA2A9E6B1A00B1971A /* ProductDetailsResponse.swift */,
				C71BD8AC2A9E6B3F00B1971A /* ProductDetailsRequest.swift */,
			);
			path = ProductRequests;
			sourceTree = "<group>";
		};
		C71BD8AE2A9E82A200B1971A /* ProductViews */ = {
			isa = PBXGroup;
			children = (
				C71BD8AF2A9E82B300B1971A /* ContactViewController.swift */,
				C71BD8B12A9E8F2800B1971A /* ProductPlaceholderView.swift */,
			);
			path = ProductViews;
			sourceTree = "<group>";
		};
		C7228D1C2A98D38600D19B07 = {
			isa = PBXGroup;
			children = (
				C7228D272A98D38600D19B07 /* CatalogApp */,
				C7228D262A98D38600D19B07 /* Products */,
			);
			sourceTree = "<group>";
		};
		C7228D262A98D38600D19B07 /* Products */ = {
			isa = PBXGroup;
			children = (
				C7228D252A98D38600D19B07 /* CatalogApp.app */,
			);
			name = Products;
			sourceTree = "<group>";
		};
		C7228D272A98D38600D19B07 /* CatalogApp */ = {
			isa = PBXGroup;
			children = (
				C71A139A2A9CA93200D80996 /* ViewComponents */,
				C71A9AD62A98D70C00467E80 /* Modules */,
				C7228D3C2A98D3A400D19B07 /* Application */,
				C71A9AE42A98E23C00467E80 /* Library */,
				C7228D3E2A98D3D900D19B07 /* Resources */,
				C7228D3D2A98D3CC00D19B07 /* SupportingFiles */,
			);
			path = CatalogApp;
			sourceTree = "<group>";
		};
		C7228D3C2A98D3A400D19B07 /* Application */ = {
			isa = PBXGroup;
			children = (
				C7228D282A98D38600D19B07 /* AppDelegate.swift */,
				C7228D2A2A98D38600D19B07 /* SceneDelegate.swift */,
			);
			path = Application;
			sourceTree = "<group>";
		};
		C7228D3D2A98D3CC00D19B07 /* SupportingFiles */ = {
			isa = PBXGroup;
			children = (
				C7228D332A98D38700D19B07 /* LaunchScreen.storyboard */,
				C7228D362A98D38700D19B07 /* Info.plist */,
			);
			path = SupportingFiles;
			sourceTree = "<group>";
		};
		C7228D3E2A98D3D900D19B07 /* Resources */ = {
			isa = PBXGroup;
			children = (
				C7228D312A98D38700D19B07 /* Assets.xcassets */,
				C7B2000B2A9B76E100EE11A0 /* CatalogEndpoints.swift */,
				C70105262A9CD36F00E1D406 /* FontsRes.swift */,
			);
			path = Resources;
			sourceTree = "<group>";
		};
		C734E49B2A9921F70021328C /* Networking */ = {
			isa = PBXGroup;
			children = (
				C734E4AD2A9959620021328C /* Implementation */,
				C734E4A72A9959030021328C /* NetworkClientProtocol.swift */,
				C734E4A92A9959180021328C /* RequestBuilderProtocol.swift */,
				C734E4A12A9932A10021328C /* NetworkRequestProtocol.swift */,
				C7B2000D2A9B80ED00EE11A0 /* EndpointComponentProtocol.swift */,
				C734E4AB2A9959450021328C /* NetworkDecoderProtocol.swift */,
				C76BF5432A9A1C0C004CF08B /* ConverterProtocol.swift */,
				C734E49D2A9922880021328C /* HTTPMethod.swift */,
				C734E49F2A99232A0021328C /* NetworkError.swift */,
			);
			path = Networking;
			sourceTree = "<group>";
		};
		C734E4AD2A9959620021328C /* Implementation */ = {
			isa = PBXGroup;
			children = (
				C76BF5422A9A1BDF004CF08B /* Converters */,
				C71A9AE62A98E28500467E80 /* NetworkClient.swift */,
				C734E4A32A993E4B0021328C /* RequestBuilder.swift */,
				C76BF5402A9A19EA004CF08B /* NetworkDecoderWrapper.swift */,
			);
			path = Implementation;
			sourceTree = "<group>";
		};
		C76BF5422A9A1BDF004CF08B /* Converters */ = {
			isa = PBXGroup;
			children = (
				C734E4A52A9940ED0021328C /* ConverterFromJSON.swift */,
			);
			path = Converters;
			sourceTree = "<group>";
		};
		C7B200112A9BAD8100EE11A0 /* Extentions */ = {
			isa = PBXGroup;
			children = (
				C71A13A82A9CB9C400D80996 /* UIView+addViews.swift */,
				C70105242A9CD0C400E1D406 /* Date+initFromString.swift */,
			);
			path = Extentions;
			sourceTree = "<group>";
		};
/* End PBXGroup section */

/* Begin PBXNativeTarget section */
		C7228D242A98D38600D19B07 /* CatalogApp */ = {
			isa = PBXNativeTarget;
			buildConfigurationList = C7228D392A98D38700D19B07 /* Build configuration list for PBXNativeTarget "CatalogApp" */;
			buildPhases = (
				C7228D212A98D38600D19B07 /* Sources */,
				C7228D222A98D38600D19B07 /* Frameworks */,
				C7228D232A98D38600D19B07 /* Resources */,
			);
			buildRules = (
			);
			dependencies = (
			);
			name = CatalogApp;
			productName = CatalogApp;
			productReference = C7228D252A98D38600D19B07 /* CatalogApp.app */;
			productType = "com.apple.product-type.application";
		};
/* End PBXNativeTarget section */

/* Begin PBXProject section */
		C7228D1D2A98D38600D19B07 /* Project object */ = {
			isa = PBXProject;
			attributes = {
				BuildIndependentTargetsInParallel = 1;
				LastSwiftUpdateCheck = 1420;
				LastUpgradeCheck = 1420;
				TargetAttributes = {
					C7228D242A98D38600D19B07 = {
						CreatedOnToolsVersion = 14.2;
					};
				};
			};
			buildConfigurationList = C7228D202A98D38600D19B07 /* Build configuration list for PBXProject "CatalogApp" */;
			compatibilityVersion = "Xcode 14.0";
			developmentRegion = en;
			hasScannedForEncodings = 0;
			knownRegions = (
				en,
				Base,
			);
			mainGroup = C7228D1C2A98D38600D19B07;
			productRefGroup = C7228D262A98D38600D19B07 /* Products */;
			projectDirPath = "";
			projectRoot = "";
			targets = (
				C7228D242A98D38600D19B07 /* CatalogApp */,
			);
		};
/* End PBXProject section */

/* Begin PBXResourcesBuildPhase section */
		C7228D232A98D38600D19B07 /* Resources */ = {
			isa = PBXResourcesBuildPhase;
			buildActionMask = 2147483647;
			files = (
				C7228D352A98D38700D19B07 /* LaunchScreen.storyboard in Resources */,
				C7228D322A98D38700D19B07 /* Assets.xcassets in Resources */,
			);
			runOnlyForDeploymentPostprocessing = 0;
		};
/* End PBXResourcesBuildPhase section */

/* Begin PBXSourcesBuildPhase section */
		C7228D212A98D38600D19B07 /* Sources */ = {
			isa = PBXSourcesBuildPhase;
			buildActionMask = 2147483647;
			files = (
				C734E4A22A9932A10021328C /* NetworkRequestProtocol.swift in Sources */,
				C71BD8A32A9E64DA00B1971A /* ProductRouter.swift in Sources */,
				C734E4A82A9959030021328C /* NetworkClientProtocol.swift in Sources */,
				C71BD8B02A9E82B300B1971A /* ContactViewController.swift in Sources */,
				C71BD8A52A9E650300B1971A /* ProductModuleBuilder.swift in Sources */,
				C71A9ADB2A98D8D900467E80 /* HomeViewController.swift in Sources */,
				C71A9AE72A98E28500467E80 /* NetworkClient.swift in Sources */,
				C71BD8B22A9E8F2800B1971A /* ProductPlaceholderView.swift in Sources */,
				C70105202A9CC0D000E1D406 /* LazyImageView.swift in Sources */,
				C734E4AC2A9959450021328C /* NetworkDecoderProtocol.swift in Sources */,
				C71BD89B2A9E636A00B1971A /* ProductScreenProtocols.swift in Sources */,
				C7051AE72A9E3A78004719A3 /* MessageModel.swift in Sources */,
				C734E4AA2A9959180021328C /* RequestBuilderProtocol.swift in Sources */,
				C70105232A9CC99400E1D406 /* AdvertisementsRequest.swift in Sources */,
				C734E49E2A9922890021328C /* HTTPMethod.swift in Sources */,
				C7228D292A98D38600D19B07 /* AppDelegate.swift in Sources */,
				C7051AF22A9E490E004719A3 /* ShimmerView.swift in Sources */,
				C71A9AE32A98DA0200467E80 /* HomeModuleBuilder.swift in Sources */,
				C7B2000C2A9B76E100EE11A0 /* CatalogEndpoints.swift in Sources */,
				C70105252A9CD0C400E1D406 /* Date+initFromString.swift in Sources */,
				C734E4A42A993E4B0021328C /* RequestBuilder.swift in Sources */,
				C701052C2A9D2B7300E1D406 /* CatalogDataModel.swift in Sources */,
				C71BD8AD2A9E6B3F00B1971A /* ProductDetailsRequest.swift in Sources */,
				C71A9ADD2A98D96C00467E80 /* HomePresenter.swift in Sources */,
				C76BF5442A9A1C0C004CF08B /* ConverterProtocol.swift in Sources */,
				C701052E2A9D2C3100E1D406 /* CatalogCollectionView.swift in Sources */,
				C7051ADF2A9E2DFB004719A3 /* MessageView.swift in Sources */,
				C7051AED2A9E3FE5004719A3 /* MessageService.swift in Sources */,
				C71BD89D2A9E63C500B1971A /* ProductViewController.swift in Sources */,
				C7B2000E2A9B80ED00EE11A0 /* EndpointComponentProtocol.swift in Sources */,
				C70105342A9D42EA00E1D406 /* AdvertisementsResponse.swift in Sources */,
				C71A9AD92A98D7DF00467E80 /* HomeScreenProtocols.swift in Sources */,
				C7051AEA2A9E3C55004719A3 /* MessageViewProtocol.swift in Sources */,
				C76BF5412A9A19EA004CF08B /* NetworkDecoderWrapper.swift in Sources */,
				C71A9AE12A98D9DB00467E80 /* HomeRouter.swift in Sources */,
				C7051AEF2A9E4428004719A3 /* ShimmerDisplayable.swift in Sources */,
				C71BD8A82A9E6AE300B1971A /* ProductData.swift in Sources */,
				C7051AE52A9E3611004719A3 /* MessageServiceProtocol.swift in Sources */,
				C734E4A02A99232A0021328C /* NetworkError.swift in Sources */,
				C70105292A9CDD2600E1D406 /* CellMessage.swift in Sources */,
				C70105302A9D2C9F00E1D406 /* CatalogCellView.swift in Sources */,
				C71BD89F2A9E644C00B1971A /* ProductPresenter.swift in Sources */,
				C71A13A92A9CB9C400D80996 /* UIView+addViews.swift in Sources */,
				C734E4A62A9940ED0021328C /* ConverterFromJSON.swift in Sources */,
				C70105272A9CD36F00E1D406 /* FontsRes.swift in Sources */,
				C7228D2B2A98D38600D19B07 /* SceneDelegate.swift in Sources */,
				C7051AD42A9E05EB004719A3 /* CatalogCellPlaceholder.swift in Sources */,
				C71BD8AB2A9E6B1A00B1971A /* ProductDetailsResponse.swift in Sources */,
				C71BD8A12A9E64A100B1971A /* ProductInteractor.swift in Sources */,
				C71A9ADF2A98D9AA00467E80 /* HomeInteractor.swift in Sources */,
			);
			runOnlyForDeploymentPostprocessing = 0;
		};
/* End PBXSourcesBuildPhase section */

/* Begin PBXVariantGroup section */
		C7228D332A98D38700D19B07 /* LaunchScreen.storyboard */ = {
			isa = PBXVariantGroup;
			children = (
				C7228D342A98D38700D19B07 /* Base */,
			);
			name = LaunchScreen.storyboard;
			sourceTree = "<group>";
		};
/* End PBXVariantGroup section */

/* Begin XCBuildConfiguration section */
		C7228D372A98D38700D19B07 /* Debug */ = {
			isa = XCBuildConfiguration;
			buildSettings = {
				ALWAYS_SEARCH_USER_PATHS = NO;
				CLANG_ANALYZER_NONNULL = YES;
				CLANG_ANALYZER_NUMBER_OBJECT_CONVERSION = YES_AGGRESSIVE;
				CLANG_CXX_LANGUAGE_STANDARD = "gnu++20";
				CLANG_ENABLE_MODULES = YES;
				CLANG_ENABLE_OBJC_ARC = YES;
				CLANG_ENABLE_OBJC_WEAK = YES;
				CLANG_WARN_BLOCK_CAPTURE_AUTORELEASING = YES;
				CLANG_WARN_BOOL_CONVERSION = YES;
				CLANG_WARN_COMMA = YES;
				CLANG_WARN_CONSTANT_CONVERSION = YES;
				CLANG_WARN_DEPRECATED_OBJC_IMPLEMENTATIONS = YES;
				CLANG_WARN_DIRECT_OBJC_ISA_USAGE = YES_ERROR;
				CLANG_WARN_DOCUMENTATION_COMMENTS = YES;
				CLANG_WARN_EMPTY_BODY = YES;
				CLANG_WARN_ENUM_CONVERSION = YES;
				CLANG_WARN_INFINITE_RECURSION = YES;
				CLANG_WARN_INT_CONVERSION = YES;
				CLANG_WARN_NON_LITERAL_NULL_CONVERSION = YES;
				CLANG_WARN_OBJC_IMPLICIT_RETAIN_SELF = YES;
				CLANG_WARN_OBJC_LITERAL_CONVERSION = YES;
				CLANG_WARN_OBJC_ROOT_CLASS = YES_ERROR;
				CLANG_WARN_QUOTED_INCLUDE_IN_FRAMEWORK_HEADER = YES;
				CLANG_WARN_RANGE_LOOP_ANALYSIS = YES;
				CLANG_WARN_STRICT_PROTOTYPES = YES;
				CLANG_WARN_SUSPICIOUS_MOVE = YES;
				CLANG_WARN_UNGUARDED_AVAILABILITY = YES_AGGRESSIVE;
				CLANG_WARN_UNREACHABLE_CODE = YES;
				CLANG_WARN__DUPLICATE_METHOD_MATCH = YES;
				COPY_PHASE_STRIP = NO;
				DEBUG_INFORMATION_FORMAT = dwarf;
				ENABLE_STRICT_OBJC_MSGSEND = YES;
				ENABLE_TESTABILITY = YES;
				GCC_C_LANGUAGE_STANDARD = gnu11;
				GCC_DYNAMIC_NO_PIC = NO;
				GCC_NO_COMMON_BLOCKS = YES;
				GCC_OPTIMIZATION_LEVEL = 0;
				GCC_PREPROCESSOR_DEFINITIONS = (
					"DEBUG=1",
					"$(inherited)",
				);
				GCC_WARN_64_TO_32_BIT_CONVERSION = YES;
				GCC_WARN_ABOUT_RETURN_TYPE = YES_ERROR;
				GCC_WARN_UNDECLARED_SELECTOR = YES;
				GCC_WARN_UNINITIALIZED_AUTOS = YES_AGGRESSIVE;
				GCC_WARN_UNUSED_FUNCTION = YES;
				GCC_WARN_UNUSED_VARIABLE = YES;
				IPHONEOS_DEPLOYMENT_TARGET = 16.2;
				MTL_ENABLE_DEBUG_INFO = INCLUDE_SOURCE;
				MTL_FAST_MATH = YES;
				ONLY_ACTIVE_ARCH = YES;
				SDKROOT = iphoneos;
				SWIFT_ACTIVE_COMPILATION_CONDITIONS = DEBUG;
				SWIFT_OPTIMIZATION_LEVEL = "-Onone";
			};
			name = Debug;
		};
		C7228D382A98D38700D19B07 /* Release */ = {
			isa = XCBuildConfiguration;
			buildSettings = {
				ALWAYS_SEARCH_USER_PATHS = NO;
				CLANG_ANALYZER_NONNULL = YES;
				CLANG_ANALYZER_NUMBER_OBJECT_CONVERSION = YES_AGGRESSIVE;
				CLANG_CXX_LANGUAGE_STANDARD = "gnu++20";
				CLANG_ENABLE_MODULES = YES;
				CLANG_ENABLE_OBJC_ARC = YES;
				CLANG_ENABLE_OBJC_WEAK = YES;
				CLANG_WARN_BLOCK_CAPTURE_AUTORELEASING = YES;
				CLANG_WARN_BOOL_CONVERSION = YES;
				CLANG_WARN_COMMA = YES;
				CLANG_WARN_CONSTANT_CONVERSION = YES;
				CLANG_WARN_DEPRECATED_OBJC_IMPLEMENTATIONS = YES;
				CLANG_WARN_DIRECT_OBJC_ISA_USAGE = YES_ERROR;
				CLANG_WARN_DOCUMENTATION_COMMENTS = YES;
				CLANG_WARN_EMPTY_BODY = YES;
				CLANG_WARN_ENUM_CONVERSION = YES;
				CLANG_WARN_INFINITE_RECURSION = YES;
				CLANG_WARN_INT_CONVERSION = YES;
				CLANG_WARN_NON_LITERAL_NULL_CONVERSION = YES;
				CLANG_WARN_OBJC_IMPLICIT_RETAIN_SELF = YES;
				CLANG_WARN_OBJC_LITERAL_CONVERSION = YES;
				CLANG_WARN_OBJC_ROOT_CLASS = YES_ERROR;
				CLANG_WARN_QUOTED_INCLUDE_IN_FRAMEWORK_HEADER = YES;
				CLANG_WARN_RANGE_LOOP_ANALYSIS = YES;
				CLANG_WARN_STRICT_PROTOTYPES = YES;
				CLANG_WARN_SUSPICIOUS_MOVE = YES;
				CLANG_WARN_UNGUARDED_AVAILABILITY = YES_AGGRESSIVE;
				CLANG_WARN_UNREACHABLE_CODE = YES;
				CLANG_WARN__DUPLICATE_METHOD_MATCH = YES;
				COPY_PHASE_STRIP = NO;
				DEBUG_INFORMATION_FORMAT = "dwarf-with-dsym";
				ENABLE_NS_ASSERTIONS = NO;
				ENABLE_STRICT_OBJC_MSGSEND = YES;
				GCC_C_LANGUAGE_STANDARD = gnu11;
				GCC_NO_COMMON_BLOCKS = YES;
				GCC_WARN_64_TO_32_BIT_CONVERSION = YES;
				GCC_WARN_ABOUT_RETURN_TYPE = YES_ERROR;
				GCC_WARN_UNDECLARED_SELECTOR = YES;
				GCC_WARN_UNINITIALIZED_AUTOS = YES_AGGRESSIVE;
				GCC_WARN_UNUSED_FUNCTION = YES;
				GCC_WARN_UNUSED_VARIABLE = YES;
				IPHONEOS_DEPLOYMENT_TARGET = 16.2;
				MTL_ENABLE_DEBUG_INFO = NO;
				MTL_FAST_MATH = YES;
				SDKROOT = iphoneos;
				SWIFT_COMPILATION_MODE = wholemodule;
				SWIFT_OPTIMIZATION_LEVEL = "-O";
				VALIDATE_PRODUCT = YES;
			};
			name = Release;
		};
		C7228D3A2A98D38700D19B07 /* Debug */ = {
			isa = XCBuildConfiguration;
			buildSettings = {
				ASSETCATALOG_COMPILER_APPICON_NAME = AppIcon;
				ASSETCATALOG_COMPILER_GLOBAL_ACCENT_COLOR_NAME = AccentColor;
				CODE_SIGN_STYLE = Automatic;
				CURRENT_PROJECT_VERSION = 1;
				DEVELOPMENT_TEAM = YV94F8SKGT;
				GENERATE_INFOPLIST_FILE = YES;
				INFOPLIST_FILE = CatalogApp/SupportingFiles/Info.plist;
				INFOPLIST_KEY_UIApplicationSupportsIndirectInputEvents = YES;
				INFOPLIST_KEY_UILaunchStoryboardName = LaunchScreen;
				INFOPLIST_KEY_UISupportedInterfaceOrientations = UIInterfaceOrientationPortrait;
				INFOPLIST_KEY_UISupportedInterfaceOrientations_iPad = "UIInterfaceOrientationLandscapeLeft UIInterfaceOrientationLandscapeRight UIInterfaceOrientationPortrait UIInterfaceOrientationPortraitUpsideDown";
				IPHONEOS_DEPLOYMENT_TARGET = 14.0;
				LD_RUNPATH_SEARCH_PATHS = (
					"$(inherited)",
					"@executable_path/Frameworks",
				);
				MARKETING_VERSION = 1.0;
				PRODUCT_BUNDLE_IDENTIFIER = space.redoctopus.CatalogApp;
				PRODUCT_NAME = "$(TARGET_NAME)";
				SUPPORTED_PLATFORMS = "iphoneos iphonesimulator";
				SUPPORTS_MACCATALYST = NO;
				SUPPORTS_MAC_DESIGNED_FOR_IPHONE_IPAD = YES;
				SWIFT_EMIT_LOC_STRINGS = YES;
				SWIFT_VERSION = 5.0;
				TARGETED_DEVICE_FAMILY = 1;
			};
			name = Debug;
		};
		C7228D3B2A98D38700D19B07 /* Release */ = {
			isa = XCBuildConfiguration;
			buildSettings = {
				ASSETCATALOG_COMPILER_APPICON_NAME = AppIcon;
				ASSETCATALOG_COMPILER_GLOBAL_ACCENT_COLOR_NAME = AccentColor;
				CODE_SIGN_STYLE = Automatic;
				CURRENT_PROJECT_VERSION = 1;
				DEVELOPMENT_TEAM = YV94F8SKGT;
				GENERATE_INFOPLIST_FILE = YES;
				INFOPLIST_FILE = CatalogApp/SupportingFiles/Info.plist;
				INFOPLIST_KEY_UIApplicationSupportsIndirectInputEvents = YES;
				INFOPLIST_KEY_UILaunchStoryboardName = LaunchScreen;
				INFOPLIST_KEY_UISupportedInterfaceOrientations = UIInterfaceOrientationPortrait;
				INFOPLIST_KEY_UISupportedInterfaceOrientations_iPad = "UIInterfaceOrientationLandscapeLeft UIInterfaceOrientationLandscapeRight UIInterfaceOrientationPortrait UIInterfaceOrientationPortraitUpsideDown";
				IPHONEOS_DEPLOYMENT_TARGET = 14.0;
				LD_RUNPATH_SEARCH_PATHS = (
					"$(inherited)",
					"@executable_path/Frameworks",
				);
				MARKETING_VERSION = 1.0;
				PRODUCT_BUNDLE_IDENTIFIER = space.redoctopus.CatalogApp;
				PRODUCT_NAME = "$(TARGET_NAME)";
				SUPPORTED_PLATFORMS = "iphoneos iphonesimulator";
				SUPPORTS_MACCATALYST = NO;
				SUPPORTS_MAC_DESIGNED_FOR_IPHONE_IPAD = YES;
				SWIFT_EMIT_LOC_STRINGS = YES;
				SWIFT_VERSION = 5.0;
				TARGETED_DEVICE_FAMILY = 1;
			};
			name = Release;
		};
/* End XCBuildConfiguration section */

/* Begin XCConfigurationList section */
		C7228D202A98D38600D19B07 /* Build configuration list for PBXProject "CatalogApp" */ = {
			isa = XCConfigurationList;
			buildConfigurations = (
				C7228D372A98D38700D19B07 /* Debug */,
				C7228D382A98D38700D19B07 /* Release */,
			);
			defaultConfigurationIsVisible = 0;
			defaultConfigurationName = Release;
		};
		C7228D392A98D38700D19B07 /* Build configuration list for PBXNativeTarget "CatalogApp" */ = {
			isa = XCConfigurationList;
			buildConfigurations = (
				C7228D3A2A98D38700D19B07 /* Debug */,
				C7228D3B2A98D38700D19B07 /* Release */,
			);
			defaultConfigurationIsVisible = 0;
			defaultConfigurationName = Release;
		};
/* End XCConfigurationList section */
	};
	rootObject = C7228D1D2A98D38600D19B07 /* Project object */;
}
